
Microsoft Visual Studio Solution File, Format Version 12.00
# Visual Studio Version 16
VisualStudioVersion = 16.0.30011.22
MinimumVisualStudioVersion = 10.0.40219.1
Project("{FAE04EC0-301F-11D3-BF4B-00C04F79EFBC}") = "ProjekatPage", "ProjekatPage\ProjekatPage.csproj", "{727B5F87-D924-48DC-8BAF-D084542D81F0}"
EndProject
Global
	GlobalSection(SolutionConfigurationPlatforms) = preSolution
		Debug|Any CPU = Debug|Any CPU
		Release|Any CPU = Release|Any CPU
	EndGlobalSection
	GlobalSection(ProjectConfigurationPlatforms) = postSolution
		{727B5F87-D924-48DC-8BAF-D084542D81F0}.Debug|Any CPU.ActiveCfg = Debug|Any CPU
		{727B5F87-D924-48DC-8BAF-D084542D81F0}.Debug|Any CPU.Build.0 = Debug|Any CPU
		{727B5F87-D924-48DC-8BAF-D084542D81F0}.Release|Any CPU.ActiveCfg = Release|Any CPU
		{727B5F87-D924-48DC-8BAF-D084542D81F0}.Release|Any CPU.Build.0 = Release|Any CPU
	EndGlobalSection
	GlobalSection(SolutionProperties) = preSolution
		HideSolutionNode = FALSE
	EndGlobalSection
	GlobalSection(ExtensibilityGlobals) = postSolution
		SolutionGuid = {81B39236-EBE4-41E9-A814-C4D3126440B3}
	EndGlobalSection
EndGlobal
